
Microsoft Visual Studio Solution File, Format Version 12.00
# Visual Studio 15
VisualStudioVersion = 15.0.28307.421
MinimumVisualStudioVersion = 10.0.40219.1
Project("{FAE04EC0-301F-11D3-BF4B-00C04F79EFBC}") = "HelloWorld", "HelloWorld\HelloWorld.csproj", "{63B99CFF-885B-4C15-A7AF-453B8DA3F59D}"
EndProject
Global
	GlobalSection(SolutionConfigurationPlatforms) = preSolution
		Debug|Any CPU = Debug|Any CPU
		Release|Any CPU = Release|Any CPU
	EndGlobalSection
	GlobalSection(ProjectConfigurationPlatforms) = postSolution
		{63B99CFF-885B-4C15-A7AF-453B8DA3F59D}.Debug|Any CPU.ActiveCfg = Debug|Any CPU
		{63B99CFF-885B-4C15-A7AF-453B8DA3F59D}.Debug|Any CPU.Build.0 = Debug|Any CPU
		{63B99CFF-885B-4C15-A7AF-453B8DA3F59D}.Release|Any CPU.ActiveCfg = Release|Any CPU
		{63B99CFF-885B-4C15-A7AF-453B8DA3F59D}.Release|Any CPU.Build.0 = Release|Any CPU
	EndGlobalSection
	GlobalSection(SolutionProperties) = preSolution
		HideSolutionNode = FALSE
	EndGlobalSection
	GlobalSection(ExtensibilityGlobals) = postSolution
		SolutionGuid = {A994D43C-FA88-4158-947B-0FFC109C4A7D}
	EndGlobalSection
EndGlobal
